
Microsoft Visual Studio Solution File, Format Version 12.00
# Visual Studio 15
VisualStudioVersion = 15.0.26730.8
MinimumVisualStudioVersion = 10.0.40219.1
Project("{FAE04EC0-301F-11D3-BF4B-00C04F79EFBC}") = "ColecticaAutorestAPI", "ColecticAutorestAPI\ColecticaAutorestAPI.csproj", "{0273D11A-083A-439E-8485-8B8C48972819}"
EndProject
Global
	GlobalSection(SolutionConfigurationPlatforms) = preSolution
		Debug|Any CPU = Debug|Any CPU
		Release|Any CPU = Release|Any CPU
	EndGlobalSection
	GlobalSection(ProjectConfigurationPlatforms) = postSolution
		{0273D11A-083A-439E-8485-8B8C48972819}.Debug|Any CPU.ActiveCfg = Debug|Any CPU
		{0273D11A-083A-439E-8485-8B8C48972819}.Debug|Any CPU.Build.0 = Debug|Any CPU
		{0273D11A-083A-439E-8485-8B8C48972819}.Release|Any CPU.ActiveCfg = Release|Any CPU
		{0273D11A-083A-439E-8485-8B8C48972819}.Release|Any CPU.Build.0 = Release|Any CPU
	EndGlobalSection
	GlobalSection(SolutionProperties) = preSolution
		HideSolutionNode = FALSE
	EndGlobalSection
	GlobalSection(ExtensibilityGlobals) = postSolution
		SolutionGuid = {253D3EB4-1BC0-4891-A1DD-CD54A66ED489}
	EndGlobalSection
EndGlobal
